{
  "name": "equisite-framework",
  "version": "0.1.0",
  "lockfileVersion": 2,
  "requires": true,
  "packages": {
    "": {
      "name": "equisite-framework",
      "version": "0.1.0",
      "dependencies": {
        "vite": "^5.0.0"
      }
    },
    "node_modules/vite": {
      "version": "5.0.0",
      "resolved": "https://registry.npmjs.org/vite/-/vite-5.0.0.tgz",
      "integrity": ""
    }
  },
  "dependencies": {
    "vite": {
      "version": "5.0.0",
      "resolved": "https://registry.npmjs.org/vite/-/vite-5.0.0.tgz",
      "integrity": ""
    }
  }
}